# This file was autogenerated by Stack.
# You should not edit this file by hand.
# For more information, please see the documentation at:
#   https://docs.haskellstack.org/en/stable/lock_files

packages:
- completed:
    subdir: alonzo/impl
    name: cardano-ledger-alonzo
    version: 0.1.0.0
    git: https://github.com/raduom/cardano-ledger-specs
    pantry-tree:
      size: 1726
      sha256: 5f57b24d2d134052da3e20f1a95d334b135010ccb1a3a933187d285350c3e39c
    commit: ef6bb99782d61316da55470620c7da994cc352b2
  original:
    subdir: alonzo/impl
    git: https://github.com/raduom/cardano-ledger-specs
    commit: ef6bb99782d61316da55470620c7da994cc352b2
- completed:
    subdir: byron/chain/executable-spec
    name: byron-spec-chain
    version: 0.1.0.0
    git: https://github.com/raduom/cardano-ledger-specs
    pantry-tree:
      size: 1030
      sha256: 2eedaef77718c520534fcae7f565ebac1e690f158b72fdc4dd111aec631eb9f4
    commit: ef6bb99782d61316da55470620c7da994cc352b2
  original:
    subdir: byron/chain/executable-spec
    git: https://github.com/raduom/cardano-ledger-specs
    commit: ef6bb99782d61316da55470620c7da994cc352b2
- completed:
    subdir: byron/crypto
    name: cardano-crypto-wrapper
    version: 1.3.0
    git: https://github.com/raduom/cardano-ledger-specs
    pantry-tree:
      size: 4430
      sha256: 2e847b142308d4ab27468972c719cc51df438bfcf5f899523fe40482a139be50
    commit: ef6bb99782d61316da55470620c7da994cc352b2
  original:
    subdir: byron/crypto
    git: https://github.com/raduom/cardano-ledger-specs
    commit: ef6bb99782d61316da55470620c7da994cc352b2
- completed:
    subdir: byron/crypto/test
    name: cardano-crypto-test
    version: 1.3.0
    git: https://github.com/raduom/cardano-ledger-specs
    pantry-tree:
      size: 2364
      sha256: e8118377997222ecae9cefa0b361cd643270d41d6fca580a34e400a5e0828cae
    commit: ef6bb99782d61316da55470620c7da994cc352b2
  original:
    subdir: byron/crypto/test
    git: https://github.com/raduom/cardano-ledger-specs
    commit: ef6bb99782d61316da55470620c7da994cc352b2
- completed:
    subdir: byron/ledger/executable-spec
    name: byron-spec-ledger
    version: 0.1.0.0
    git: https://github.com/raduom/cardano-ledger-specs
    pantry-tree:
      size: 4981
      sha256: e0e79a6b3ac733742538709d9fe5bc45f7ec8150e9a56dcd36157f4affc62bb7
    commit: ef6bb99782d61316da55470620c7da994cc352b2
  original:
    subdir: byron/ledger/executable-spec
    git: https://github.com/raduom/cardano-ledger-specs
    commit: ef6bb99782d61316da55470620c7da994cc352b2
- completed:
    subdir: byron/ledger/impl
    name: cardano-ledger-byron
    version: 0.1.0.0
    git: https://github.com/raduom/cardano-ledger-specs
    pantry-tree:
      size: 19665
      sha256: b67dce275ce3bc1b0ab4ccbaf760206cde3b3fbb70afc88d31f64a0dbfdfea67
    commit: ef6bb99782d61316da55470620c7da994cc352b2
  original:
    subdir: byron/ledger/impl
    git: https://github.com/raduom/cardano-ledger-specs
    commit: ef6bb99782d61316da55470620c7da994cc352b2
- completed:
    subdir: byron/ledger/impl/test
    name: cardano-ledger-byron-test
    version: 1.3.0
    git: https://github.com/raduom/cardano-ledger-specs
    pantry-tree:
      size: 11428
      sha256: f9711f3d0187c25e7c62dbf4f6d75991686dd9f0fc2fcd2746ea93a8eba2da7f
    commit: ef6bb99782d61316da55470620c7da994cc352b2
  original:
    subdir: byron/ledger/impl/test
    git: https://github.com/raduom/cardano-ledger-specs
    commit: ef6bb99782d61316da55470620c7da994cc352b2
- completed:
    subdir: cardano-ledger-core
    name: cardano-ledger-core
    version: 0.1.0.0
    git: https://github.com/raduom/cardano-ledger-specs
    pantry-tree:
      size: 1258
      sha256: b8348020b74de0aceb05578792d4322b98ad0f7e5eb6216387a175a15e2c1423
    commit: ef6bb99782d61316da55470620c7da994cc352b2
  original:
    subdir: cardano-ledger-core
    git: https://github.com/raduom/cardano-ledger-specs
    commit: ef6bb99782d61316da55470620c7da994cc352b2
- completed:
    subdir: cardano-protocol-tpraos
    name: cardano-protocol-tpraos
    version: 0.1.0.0
    git: https://github.com/raduom/cardano-ledger-specs
    pantry-tree:
      size: 782
      sha256: 6a0a7d8069416157e74508259eff71e8d00849738ee13afe1bcc7e7eff2591a1
    commit: ef6bb99782d61316da55470620c7da994cc352b2
  original:
    subdir: cardano-protocol-tpraos
    git: https://github.com/raduom/cardano-ledger-specs
    commit: ef6bb99782d61316da55470620c7da994cc352b2
- completed:
    subdir: semantics/executable-spec
    name: small-steps
    version: 0.1.0.0
    git: https://github.com/raduom/cardano-ledger-specs
    pantry-tree:
      size: 1136
      sha256: 3bf70950373aa17862fd9b6375e93ff41f76c663d55097c2bd116294f90ca7c8
    commit: ef6bb99782d61316da55470620c7da994cc352b2
  original:
    subdir: semantics/executable-spec
    git: https://github.com/raduom/cardano-ledger-specs
    commit: ef6bb99782d61316da55470620c7da994cc352b2
- completed:
    subdir: semantics/small-steps-test
    name: small-steps-test
    version: 0.1.0.0
    git: https://github.com/raduom/cardano-ledger-specs
    pantry-tree:
      size: 910
      sha256: 4bcdcb559a97c606cc3f8ac2ac87985ac3231f4bc84c017a0ae45e832d7a8e60
    commit: ef6bb99782d61316da55470620c7da994cc352b2
  original:
    subdir: semantics/small-steps-test
    git: https://github.com/raduom/cardano-ledger-specs
    commit: ef6bb99782d61316da55470620c7da994cc352b2
- completed:
    subdir: shelley/chain-and-ledger/dependencies/non-integer
    name: shelley-spec-non-integral
    version: 0.1.0.0
    git: https://github.com/raduom/cardano-ledger-specs
    pantry-tree:
      size: 1892
      sha256: 099d6bad5bb083afaf30c3561fcdb9e8e301421eac161b917174f89b4104f26c
    commit: ef6bb99782d61316da55470620c7da994cc352b2
  original:
    subdir: shelley/chain-and-ledger/dependencies/non-integer
    git: https://github.com/raduom/cardano-ledger-specs
    commit: ef6bb99782d61316da55470620c7da994cc352b2
- completed:
    subdir: shelley/chain-and-ledger/executable-spec
    name: shelley-spec-ledger
    version: 0.1.0.0
    git: https://github.com/raduom/cardano-ledger-specs
    pantry-tree:
      size: 5290
      sha256: fef85e7bbc112ad6df38ba7e5b66353b52c96be358e33e3b610a1f8dc8c96bd8
    commit: ef6bb99782d61316da55470620c7da994cc352b2
  original:
    subdir: shelley/chain-and-ledger/executable-spec
    git: https://github.com/raduom/cardano-ledger-specs
    commit: ef6bb99782d61316da55470620c7da994cc352b2
- completed:
    subdir: shelley/chain-and-ledger/shelley-spec-ledger-test
    name: shelley-spec-ledger-test
    version: 0.1.0.0
    git: https://github.com/raduom/cardano-ledger-specs
    pantry-tree:
      size: 7203
      sha256: 67bf568fb543f349cacfbd413ef9f82991b9b3626d9e72279ddb89b542aa8150
    commit: ef6bb99782d61316da55470620c7da994cc352b2
  original:
    subdir: shelley/chain-and-ledger/shelley-spec-ledger-test
    git: https://github.com/raduom/cardano-ledger-specs
    commit: ef6bb99782d61316da55470620c7da994cc352b2
- completed:
    subdir: shelley-ma/impl
    name: cardano-ledger-shelley-ma
    version: 0.1.0.0
    git: https://github.com/raduom/cardano-ledger-specs
    pantry-tree:
      size: 1117
      sha256: 707f62674bb0299c1b1550a8cf5342c02e75035af505d67573bf33bbf22689c6
    commit: ef6bb99782d61316da55470620c7da994cc352b2
  original:
    subdir: shelley-ma/impl
    git: https://github.com/raduom/cardano-ledger-specs
    commit: ef6bb99782d61316da55470620c7da994cc352b2
- completed:
    subdir: cardano-api
    name: cardano-api
    version: 1.30.0
    git: https://github.com/input-output-hk/cardano-node.git
    pantry-tree:
      size: 6304
      sha256: bbf437f196de269ccb8a7201757da04589417a1a39f4fd9df27346c79ae3067c
    commit: ed7fdbf65f40f8e194850b87dd8c631fe26154e6
  original:
    subdir: cardano-api
    git: https://github.com/input-output-hk/cardano-node.git
    commit: ed7fdbf65f40f8e194850b87dd8c631fe26154e6
- completed:
    subdir: cardano-cli
    name: cardano-cli
    version: 1.30.0
    git: https://github.com/input-output-hk/cardano-node.git
    pantry-tree:
      size: 15609
      sha256: 27d3d3eaf97b7c38db3b595a5668c7ba37415f653fdeb1b926d9c7c3c9c1fbbb
    commit: ed7fdbf65f40f8e194850b87dd8c631fe26154e6
  original:
    subdir: cardano-cli
    git: https://github.com/input-output-hk/cardano-node.git
    commit: ed7fdbf65f40f8e194850b87dd8c631fe26154e6
- completed:
    subdir: cardano-config
    name: cardano-config
    version: 0.1.0.0
    git: https://github.com/input-output-hk/cardano-node.git
    pantry-tree:
      size: 398
      sha256: b2e5e74f5b7be671560c7271d4252e286a5a44c94654252bae44f0f3efcd7add
    commit: ed7fdbf65f40f8e194850b87dd8c631fe26154e6
  original:
    subdir: cardano-config
    git: https://github.com/input-output-hk/cardano-node.git
    commit: ed7fdbf65f40f8e194850b87dd8c631fe26154e6
- completed:
    subdir: cardano-node
    name: cardano-node
    version: 1.30.0
    git: https://github.com/input-output-hk/cardano-node.git
    pantry-tree:
      size: 3109
      sha256: 691e42a24267ee58cfd4cef919e6f5230df631ea1ed99d937d1ee5ca9ad0a340
    commit: ed7fdbf65f40f8e194850b87dd8c631fe26154e6
  original:
    subdir: cardano-node
    git: https://github.com/input-output-hk/cardano-node.git
    commit: ed7fdbf65f40f8e194850b87dd8c631fe26154e6
- completed:
    subdir: freer-extras
    name: freer-extras
    version: 0.1.0.0
    git: https://github.com/input-output-hk/plutus-apps
    pantry-tree:
      size: 985
      sha256: 9680b51a24cca3fbd11b9d7056c05ed7d80222882f90eb782a82f891cf898af9
    commit: 59198a573cf41a46ce3886235ea71b36d7eae464
  original:
    subdir: freer-extras
    git: https://github.com/input-output-hk/plutus-apps
    commit: 59198a573cf41a46ce3886235ea71b36d7eae464
- completed:
    subdir: playground-common
    name: playground-common
    version: 0.1.0.0
    git: https://github.com/input-output-hk/plutus-apps
    pantry-tree:
      size: 1881
      sha256: 5d26e8f5c5daa429cd1c4a8993b7e7a8e423fedaad4b5e3b45b1c29b405729c1
    commit: 59198a573cf41a46ce3886235ea71b36d7eae464
  original:
    subdir: playground-common
    git: https://github.com/input-output-hk/plutus-apps
    commit: 59198a573cf41a46ce3886235ea71b36d7eae464
- completed:
    subdir: plutus-chain-index
    name: plutus-chain-index
    version: 0.1.0.0
    git: https://github.com/input-output-hk/plutus-apps
    pantry-tree:
      size: 2678
      sha256: c32644cdf20454a42a7c85c4f3eafd3a8a2f20868daa9ee4fb8773411130c5ed
    commit: 59198a573cf41a46ce3886235ea71b36d7eae464
  original:
    subdir: plutus-chain-index
    git: https://github.com/input-output-hk/plutus-apps
    commit: 59198a573cf41a46ce3886235ea71b36d7eae464
- completed:
    subdir: plutus-contract
    name: plutus-contract
    version: 0.1.0.0
    git: https://github.com/input-output-hk/plutus-apps
    pantry-tree:
      size: 5266
      sha256: 67d9704812e3c896a3f7dc9c1e3e9b5c9b90d11048103e42b7be3016e1af3f70
    commit: 59198a573cf41a46ce3886235ea71b36d7eae464
  original:
    subdir: plutus-contract
    git: https://github.com/input-output-hk/plutus-apps
    commit: 59198a573cf41a46ce3886235ea71b36d7eae464
- completed:
    subdir: plutus-ledger
    name: plutus-ledger
    version: 0.1.0.0
    git: https://github.com/input-output-hk/plutus-apps
    pantry-tree:
      size: 2309
      sha256: 43937ee655b55159f88b861b1392d936972e401ade5678771f109c90fcbe9b1b
    commit: 59198a573cf41a46ce3886235ea71b36d7eae464
  original:
    subdir: plutus-ledger
    git: https://github.com/input-output-hk/plutus-apps
    commit: 59198a573cf41a46ce3886235ea71b36d7eae464
- completed:
    subdir: plutus-pab
    name: plutus-pab
    version: 0.1.0.0
    git: https://github.com/input-output-hk/plutus-apps
    pantry-tree:
      size: 11931
      sha256: 6b528968e60d59e9a4dc9a44c79bb46a8148bfabe63d1f97dd593b6052cb7a73
    commit: 59198a573cf41a46ce3886235ea71b36d7eae464
  original:
    subdir: plutus-pab
    git: https://github.com/input-output-hk/plutus-apps
    commit: 59198a573cf41a46ce3886235ea71b36d7eae464
- completed:
    subdir: plutus-playground-server
    name: plutus-playground-server
    version: 0.1.0.0
    git: https://github.com/input-output-hk/plutus-apps
    pantry-tree:
      size: 2007
      sha256: ef5a262191b0be8f1e54e3bcd989ff08484542413165b6b88382db1f4f27d78b
    commit: 59198a573cf41a46ce3886235ea71b36d7eae464
  original:
    subdir: plutus-playground-server
    git: https://github.com/input-output-hk/plutus-apps
    commit: 59198a573cf41a46ce3886235ea71b36d7eae464
- completed:
    subdir: plutus-use-cases
    name: plutus-use-cases
    version: 0.1.0.0
    git: https://github.com/input-output-hk/plutus-apps
    pantry-tree:
      size: 4988
      sha256: a5fca26100707c9271f0897186fd23738aa099c7bcfdc128c41304d42ed0b7d8
    commit: 59198a573cf41a46ce3886235ea71b36d7eae464
  original:
    subdir: plutus-use-cases
    git: https://github.com/input-output-hk/plutus-apps
    commit: 59198a573cf41a46ce3886235ea71b36d7eae464
- completed:
    subdir: quickcheck-dynamic
    name: quickcheck-dynamic
    version: 0.1.0.0
    git: https://github.com/input-output-hk/plutus-apps
    pantry-tree:
      size: 820
      sha256: e43e789f296e2997b8266fb2308db6b065198bda1d96e13aab937d1525b446c9
    commit: 59198a573cf41a46ce3886235ea71b36d7eae464
  original:
    subdir: quickcheck-dynamic
    git: https://github.com/input-output-hk/plutus-apps
    commit: 59198a573cf41a46ce3886235ea71b36d7eae464
- completed:
    subdir: web-ghc
    name: web-ghc
    version: 0.1.0.0
    git: https://github.com/input-output-hk/plutus-apps
    pantry-tree:
      size: 589
      sha256: 6db67d3e8a49bc21b2aa9d80c47d2bf8560ece43f1ed6dd79728b0d28a6d2557
    commit: 59198a573cf41a46ce3886235ea71b36d7eae464
  original:
    subdir: web-ghc
    git: https://github.com/input-output-hk/plutus-apps
    commit: 59198a573cf41a46ce3886235ea71b36d7eae464
- completed:
    subdir: plutus-benchmark
    name: plutus-benchmark
    version: 0.1.0.0
    git: https://github.com/input-output-hk/plutus
    pantry-tree:
      size: 9173
      sha256: 13c22f54ee9d453e3a981e2951403217c67237de7b51f95a3ef37ff2807a7d12
    commit: f3b65ee7d98cf2257df6d2574cd12d8902a6b12a
  original:
    subdir: plutus-benchmark
    git: https://github.com/input-output-hk/plutus
    commit: f3b65ee7d98cf2257df6d2574cd12d8902a6b12a
- completed:
    subdir: plutus-core
    name: plutus-core
    version: 0.1.0.0
    git: https://github.com/input-output-hk/plutus
    pantry-tree:
      size: 76769
      sha256: 461d8375bf4a87fb513ad1b5406c5103fbe0642e670a147e9204eccc94bb4fd6
    commit: f3b65ee7d98cf2257df6d2574cd12d8902a6b12a
  original:
    subdir: plutus-core
    git: https://github.com/input-output-hk/plutus
    commit: f3b65ee7d98cf2257df6d2574cd12d8902a6b12a
- completed:
    subdir: plutus-errors
    name: plutus-errors
    version: 0.1.0.0
    git: https://github.com/input-output-hk/plutus
    pantry-tree:
      size: 642
      sha256: e9f66d74801a8a0f33be4f3405be83d360cff9a65c1b65e930df2245532e7b35
    commit: f3b65ee7d98cf2257df6d2574cd12d8902a6b12a
  original:
    subdir: plutus-errors
    git: https://github.com/input-output-hk/plutus
    commit: f3b65ee7d98cf2257df6d2574cd12d8902a6b12a
- completed:
    subdir: plutus-ledger-api
    name: plutus-ledger-api
    version: 0.1.0.0
    git: https://github.com/input-output-hk/plutus
    pantry-tree:
      size: 1888
      sha256: f11160b733d3bde066ad9c0f589f06850e381e4890aa0cfe097094c111f5e78c
    commit: f3b65ee7d98cf2257df6d2574cd12d8902a6b12a
  original:
    subdir: plutus-ledger-api
    git: https://github.com/input-output-hk/plutus
    commit: f3b65ee7d98cf2257df6d2574cd12d8902a6b12a
- completed:
    subdir: plutus-metatheory
    name: plutus-metatheory
    version: 0.1.0.0
    git: https://github.com/input-output-hk/plutus
    pantry-tree:
      size: 5222
      sha256: 4766347e5bc8d556291b0734e9768257f452e366d395c3e588ceb7b9082ab376
    commit: f3b65ee7d98cf2257df6d2574cd12d8902a6b12a
  original:
    subdir: plutus-metatheory
    git: https://github.com/input-output-hk/plutus
    commit: f3b65ee7d98cf2257df6d2574cd12d8902a6b12a
- completed:
    subdir: plutus-tx-plugin
    name: plutus-tx-plugin
    version: 0.1.0.0
    git: https://github.com/input-output-hk/plutus
    pantry-tree:
      size: 19244
      sha256: 1d91f4021a6a64c923044b4af44849ec30896171244f72ca8be518e8c1dff3b3
    commit: f3b65ee7d98cf2257df6d2574cd12d8902a6b12a
  original:
    subdir: plutus-tx-plugin
    git: https://github.com/input-output-hk/plutus
    commit: f3b65ee7d98cf2257df6d2574cd12d8902a6b12a
- completed:
    subdir: plutus-tx
    name: plutus-tx
    version: 0.1.0.0
    git: https://github.com/input-output-hk/plutus
    pantry-tree:
      size: 3019
      sha256: 1917dadffe562bdbf1bd299088d6f184ec8e22c7de89ae53d9c2162564d5aae1
    commit: f3b65ee7d98cf2257df6d2574cd12d8902a6b12a
  original:
    subdir: plutus-tx
    git: https://github.com/input-output-hk/plutus
    commit: f3b65ee7d98cf2257df6d2574cd12d8902a6b12a
- completed:
    subdir: prettyprinter-configurable
    name: prettyprinter-configurable
    version: 0.1.0.0
    git: https://github.com/input-output-hk/plutus
    pantry-tree:
      size: 1191
      sha256: 9eb538807b44b439f2c23fcb64eddb99fdd18793f935dd9e7567d4019f4aded3
    commit: f3b65ee7d98cf2257df6d2574cd12d8902a6b12a
  original:
    subdir: prettyprinter-configurable
    git: https://github.com/input-output-hk/plutus
    commit: f3b65ee7d98cf2257df6d2574cd12d8902a6b12a
- completed:
    subdir: stubs/plutus-ghc-stub
    name: plutus-ghc-stub
    version: 8.6.5
    git: https://github.com/input-output-hk/plutus
    pantry-tree:
      size: 1120
      sha256: 0af4d1f17aa534d2b11c348fee84a8937662d1adc43f6513dfdb39a8229a9920
    commit: f3b65ee7d98cf2257df6d2574cd12d8902a6b12a
  original:
    subdir: stubs/plutus-ghc-stub
    git: https://github.com/input-output-hk/plutus
    commit: f3b65ee7d98cf2257df6d2574cd12d8902a6b12a
- completed:
    subdir: word-array
    name: word-array
    version: 0.1.0.0
    git: https://github.com/input-output-hk/plutus
    pantry-tree:
      size: 330
      sha256: 628f8e4ff2dc03cc45414910d63241fcab3726ed05ff8bf5e4a6299fd287a310
    commit: f3b65ee7d98cf2257df6d2574cd12d8902a6b12a
  original:
    subdir: word-array
    git: https://github.com/input-output-hk/plutus
    commit: f3b65ee7d98cf2257df6d2574cd12d8902a6b12a
- completed:
    name: servant-purescript
    version: 0.9.0.2
    git: https://github.com/input-output-hk/servant-purescript.git
    pantry-tree:
      size: 2583
      sha256: 1f5720ee2d839fa1cc6c9257b4bdf8755b06fa93981b2be9e5cf621d610f90ec
    commit: a0c7c7e37c95564061247461aef4be505a853538
  original:
    git: https://github.com/input-output-hk/servant-purescript.git
    commit: a0c7c7e37c95564061247461aef4be505a853538
- completed:
    name: purescript-bridge
    version: 0.13.1.0
    git: https://github.com/input-output-hk/purescript-bridge.git
    pantry-tree:
      size: 1562
      sha256: 21ce2905f0748a68a8a51e8bd43d00337e3cdba65f26d914c16f7ddd47d91169
    commit: 6a92d7853ea514be8b70bab5e72077bf5a510596
  original:
    git: https://github.com/input-output-hk/purescript-bridge.git
    commit: 6a92d7853ea514be8b70bab5e72077bf5a510596
- completed:
    name: cardano-crypto
    version: 1.1.0
    git: https://github.com/input-output-hk/cardano-crypto.git
    pantry-tree:
      size: 5300
      sha256: 296774bd04b91e2682f09bf222b1bbc503ac595a3564a44b66e1f287d717d045
    commit: 07397f0e50da97eaa0575d93bee7ac4b2b2576ec
  original:
    git: https://github.com/input-output-hk/cardano-crypto.git
    commit: 07397f0e50da97eaa0575d93bee7ac4b2b2576ec
- completed:
    subdir: lib/text-class
    name: text-class
    version: 2021.9.29
    git: https://github.com/input-output-hk/cardano-wallet
    pantry-tree:
      size: 319
      sha256: 899b870e51fcaf35b84777a9e639aef7d9b33fc51c12c7a62655f860aa753b16
    commit: 0c1daac2cb13e45c2241f90fa76267fc5ea7a9a1
  original:
    subdir: lib/text-class
    git: https://github.com/input-output-hk/cardano-wallet
    commit: 0c1daac2cb13e45c2241f90fa76267fc5ea7a9a1
- completed:
    subdir: lib/strict-non-empty-containers
    name: strict-non-empty-containers
    version: 2020.12.8
    git: https://github.com/input-output-hk/cardano-wallet
    pantry-tree:
      size: 547
      sha256: 11d65c3fd55e208efda97ad726060325bdfb07512c728a3de22634f359d06cac
    commit: 0c1daac2cb13e45c2241f90fa76267fc5ea7a9a1
  original:
    subdir: lib/strict-non-empty-containers
    git: https://github.com/input-output-hk/cardano-wallet
    commit: 0c1daac2cb13e45c2241f90fa76267fc5ea7a9a1
- completed:
    subdir: lib/core
    name: cardano-wallet-core
    version: 2021.9.29
    git: https://github.com/input-output-hk/cardano-wallet
    pantry-tree:
      size: 30251
      sha256: 3a82cb57e5383178a5baaefbd4e2146025da1ed598a2019650a1f496d7fd5640
    commit: 0c1daac2cb13e45c2241f90fa76267fc5ea7a9a1
  original:
    subdir: lib/core
    git: https://github.com/input-output-hk/cardano-wallet
    commit: 0c1daac2cb13e45c2241f90fa76267fc5ea7a9a1
- completed:
    subdir: lib/test-utils
    name: cardano-wallet-test-utils
    version: 2021.9.29
    git: https://github.com/input-output-hk/cardano-wallet
    pantry-tree:
      size: 1256
      sha256: 23f9fce20874e5f0ebac0037eb0a9559b3c43849fae77f2ce65a815ab10bb63a
    commit: 0c1daac2cb13e45c2241f90fa76267fc5ea7a9a1
  original:
    subdir: lib/test-utils
    git: https://github.com/input-output-hk/cardano-wallet
    commit: 0c1daac2cb13e45c2241f90fa76267fc5ea7a9a1
- completed:
    subdir: lib/numeric
    name: cardano-numeric
    version: 2020.12.8
    git: https://github.com/input-output-hk/cardano-wallet
    pantry-tree:
      size: 268
      sha256: 3617d7a544432f2e6e873677557edeb39a40cf9e7c221e4e780ca0f7498581f6
    commit: 0c1daac2cb13e45c2241f90fa76267fc5ea7a9a1
  original:
    subdir: lib/numeric
    git: https://github.com/input-output-hk/cardano-wallet
    commit: 0c1daac2cb13e45c2241f90fa76267fc5ea7a9a1
- completed:
    subdir: base-deriving-via
    name: base-deriving-via
    version: 0.1.0.0
    git: https://github.com/input-output-hk/cardano-base
    pantry-tree:
      size: 394
      sha256: d45651f16e1d4fb01530e720ed070d4062a2b37c36fa285d40a9031d631ba616
    commit: 592aa61d657ad5935a33bace1243abce3728b643
  original:
    subdir: base-deriving-via
    git: https://github.com/input-output-hk/cardano-base
    commit: 592aa61d657ad5935a33bace1243abce3728b643
- completed:
    subdir: binary
    name: cardano-binary
    version: 1.5.0
    git: https://github.com/input-output-hk/cardano-base
    pantry-tree:
      size: 1884
      sha256: 45318c022814c857757be9615a4beea18ac99fc7c0bedd3d22c7f7dbf36620e0
    commit: 592aa61d657ad5935a33bace1243abce3728b643
  original:
    subdir: binary
    git: https://github.com/input-output-hk/cardano-base
    commit: 592aa61d657ad5935a33bace1243abce3728b643
- completed:
    subdir: binary/test
    name: cardano-binary-test
    version: 1.3.0
    git: https://github.com/input-output-hk/cardano-base
    pantry-tree:
      size: 1007
      sha256: 8def6e17527380b70fe61a9abb31b29608f0cfbb7397de5ad50b844e88039d23
    commit: 592aa61d657ad5935a33bace1243abce3728b643
  original:
    subdir: binary/test
    git: https://github.com/input-output-hk/cardano-base
    commit: 592aa61d657ad5935a33bace1243abce3728b643
- completed:
    subdir: cardano-crypto-class
    name: cardano-crypto-class
    version: 2.0.0
    git: https://github.com/input-output-hk/cardano-base
    pantry-tree:
      size: 3365
      sha256: 19e0a254b32402ef67222ad3dd0503ce4ae49206113171256692b88bcb969fad
    commit: 592aa61d657ad5935a33bace1243abce3728b643
  original:
    subdir: cardano-crypto-class
    git: https://github.com/input-output-hk/cardano-base
    commit: 592aa61d657ad5935a33bace1243abce3728b643
- completed:
    subdir: cardano-crypto-praos
    name: cardano-crypto-praos
    version: 2.0.0
    git: https://github.com/input-output-hk/cardano-base
    pantry-tree:
      size: 1886
      sha256: 772e599fd30301b5d477ecb239262deb8c88a3bef607cf520e8a342341c1a5c6
    commit: 592aa61d657ad5935a33bace1243abce3728b643
  original:
    subdir: cardano-crypto-praos
    git: https://github.com/input-output-hk/cardano-base
    commit: 592aa61d657ad5935a33bace1243abce3728b643
- completed:
    subdir: cardano-crypto-tests
    name: cardano-crypto-tests
    version: 2.0.0
    git: https://github.com/input-output-hk/cardano-base
    pantry-tree:
      size: 878
      sha256: 68ed26c825026479d7ae223f62b0e86e6cb0ef7e728b69c7ed2cca1e8cc3a84d
    commit: 592aa61d657ad5935a33bace1243abce3728b643
  original:
    subdir: cardano-crypto-tests
    git: https://github.com/input-output-hk/cardano-base
    commit: 592aa61d657ad5935a33bace1243abce3728b643
- completed:
    subdir: measures
    name: measures
    version: 0.1.0.0
    git: https://github.com/input-output-hk/cardano-base
    pantry-tree:
      size: 395
      sha256: d3f61763e1dfa87bdaa664045fbfac416bbfa870a32475fe96664a3659270e8a
    commit: 592aa61d657ad5935a33bace1243abce3728b643
  original:
    subdir: measures
    git: https://github.com/input-output-hk/cardano-base
    commit: 592aa61d657ad5935a33bace1243abce3728b643
- completed:
    subdir: orphans-deriving-via
    name: orphans-deriving-via
    version: 0.1.0.0
    git: https://github.com/input-output-hk/cardano-base
    pantry-tree:
      size: 307
      sha256: cdac444af4c86a210961ed4d7b91ff697244348057089f8a04fc8419a6bb5ca4
    commit: 592aa61d657ad5935a33bace1243abce3728b643
  original:
    subdir: orphans-deriving-via
    git: https://github.com/input-output-hk/cardano-base
    commit: 592aa61d657ad5935a33bace1243abce3728b643
- completed:
    subdir: slotting
    name: cardano-slotting
    version: 0.1.0.0
    git: https://github.com/input-output-hk/cardano-base
    pantry-tree:
      size: 642
      sha256: bb44fa2e71515fdfd6f481648176daffee601b80833c37d02da987cf2e2c3543
    commit: 592aa61d657ad5935a33bace1243abce3728b643
  original:
    subdir: slotting
    git: https://github.com/input-output-hk/cardano-base
    commit: 592aa61d657ad5935a33bace1243abce3728b643
- completed:
    subdir: strict-containers
    name: strict-containers
    version: 0.1.0.0
    git: https://github.com/input-output-hk/cardano-base
    pantry-tree:
      size: 473
      sha256: 2f7bd8b5e5626ea2986dc929f23ebc565a1e7d8f4cedaf2edf7bfaca70852886
    commit: 592aa61d657ad5935a33bace1243abce3728b643
  original:
    subdir: strict-containers
    git: https://github.com/input-output-hk/cardano-base
    commit: 592aa61d657ad5935a33bace1243abce3728b643
- completed:
    subdir: iohk-monitoring
    name: iohk-monitoring
    version: 0.2.0.0
    git: https://github.com/input-output-hk/iohk-monitoring-framework
    pantry-tree:
      size: 4944
      sha256: 2d3e9e2e30f4b59ddbfaade9b0c7a3ebe14397911ddbb72ab68f2db375a45159
    commit: 46f994e216a1f8b36fe4669b47b2a7011b0e153c
  original:
    subdir: iohk-monitoring
    git: https://github.com/input-output-hk/iohk-monitoring-framework
    commit: 46f994e216a1f8b36fe4669b47b2a7011b0e153c
- completed:
    subdir: tracer-transformers
    name: tracer-transformers
    version: 0.1.0.1
    git: https://github.com/input-output-hk/iohk-monitoring-framework
    pantry-tree:
      size: 631
      sha256: b774352920631cfe54b8d947a063999a8327d259f95ed0e25671ad8ac90a02d0
    commit: 46f994e216a1f8b36fe4669b47b2a7011b0e153c
  original:
    subdir: tracer-transformers
    git: https://github.com/input-output-hk/iohk-monitoring-framework
    commit: 46f994e216a1f8b36fe4669b47b2a7011b0e153c
- completed:
    subdir: contra-tracer
    name: contra-tracer
    version: 0.1.0.0
    git: https://github.com/input-output-hk/iohk-monitoring-framework
    pantry-tree:
      size: 338
      sha256: 7902fbc68aba33d6f139d0815a6e71e704a62684bf2bddaca9959e569301f25d
    commit: 46f994e216a1f8b36fe4669b47b2a7011b0e153c
  original:
    subdir: contra-tracer
    git: https://github.com/input-output-hk/iohk-monitoring-framework
    commit: 46f994e216a1f8b36fe4669b47b2a7011b0e153c
- completed:
    subdir: plugins/backend-aggregation
    name: lobemo-backend-aggregation
    version: 0.1.0.0
    git: https://github.com/input-output-hk/iohk-monitoring-framework
    pantry-tree:
      size: 343
      sha256: fe1d61fe24e95753a3824d453143ef4e7a51ccba2331dd1160a58c8b2abedc95
    commit: 46f994e216a1f8b36fe4669b47b2a7011b0e153c
  original:
    subdir: plugins/backend-aggregation
    git: https://github.com/input-output-hk/iohk-monitoring-framework
    commit: 46f994e216a1f8b36fe4669b47b2a7011b0e153c
- completed:
    subdir: plugins/backend-ekg
    name: lobemo-backend-ekg
    version: 0.1.0.1
    git: https://github.com/input-output-hk/iohk-monitoring-framework
    pantry-tree:
      size: 409
      sha256: 2b9478b731d0046575e4325234b91f8125c90b7faef8ab1ee594e84dda2f59a7
    commit: 46f994e216a1f8b36fe4669b47b2a7011b0e153c
  original:
    subdir: plugins/backend-ekg
    git: https://github.com/input-output-hk/iohk-monitoring-framework
    commit: 46f994e216a1f8b36fe4669b47b2a7011b0e153c
- completed:
    subdir: plugins/backend-monitoring
    name: lobemo-backend-monitoring
    version: 0.1.0.0
    git: https://github.com/input-output-hk/iohk-monitoring-framework
    pantry-tree:
      size: 471
      sha256: 91da1a055a6fb446a074f3deeaa65f4318f15bc3247d551f71d035d1efa51784
    commit: 46f994e216a1f8b36fe4669b47b2a7011b0e153c
  original:
    subdir: plugins/backend-monitoring
    git: https://github.com/input-output-hk/iohk-monitoring-framework
    commit: 46f994e216a1f8b36fe4669b47b2a7011b0e153c
- completed:
    subdir: plugins/backend-trace-forwarder
    name: lobemo-backend-trace-forwarder
    version: 0.1.0.0
    git: https://github.com/input-output-hk/iohk-monitoring-framework
    pantry-tree:
      size: 350
      sha256: 0d86c6f715b106f6748a4589762c97f396aaa7b43186aa81f31b4f06ec1a3a51
    commit: 46f994e216a1f8b36fe4669b47b2a7011b0e153c
  original:
    subdir: plugins/backend-trace-forwarder
    git: https://github.com/input-output-hk/iohk-monitoring-framework
    commit: 46f994e216a1f8b36fe4669b47b2a7011b0e153c
- completed:
    subdir: plugins/scribe-systemd
    name: lobemo-scribe-systemd
    version: 0.1.0.0
    git: https://github.com/input-output-hk/iohk-monitoring-framework
    pantry-tree:
      size: 332
      sha256: f0481607ca5a9ea854202ba5a3bc91b85b14617e6d3ae471ae05bfad7cf1aaa1
    commit: 46f994e216a1f8b36fe4669b47b2a7011b0e153c
  original:
    subdir: plugins/scribe-systemd
    git: https://github.com/input-output-hk/iohk-monitoring-framework
    commit: 46f994e216a1f8b36fe4669b47b2a7011b0e153c
- completed:
    subdir: monoidal-synchronisation
    name: monoidal-synchronisation
    version: 0.1.0.0
    git: https://github.com/input-output-hk/ouroboros-network
    pantry-tree:
      size: 428
      sha256: a536fc342bc1ad478679657281ed3822e1a998ada9db84899e0ccfe16901e0c8
    commit: 5d37a927046bc7da2887830d8e35cf604622ce09
  original:
    subdir: monoidal-synchronisation
    git: https://github.com/input-output-hk/ouroboros-network
    commit: 5d37a927046bc7da2887830d8e35cf604622ce09
- completed:
    subdir: typed-protocols
    name: typed-protocols
    version: 0.1.0.0
    git: https://github.com/input-output-hk/ouroboros-network
    pantry-tree:
      size: 536
      sha256: b749e51da2d8c2e09ad07cfe4c06eaac8f60c9a50306db010906a0c2e101cf6d
    commit: 5d37a927046bc7da2887830d8e35cf604622ce09
  original:
    subdir: typed-protocols
    git: https://github.com/input-output-hk/ouroboros-network
    commit: 5d37a927046bc7da2887830d8e35cf604622ce09
- completed:
    subdir: typed-protocols-examples
    name: typed-protocols-examples
    version: 0.1.0.0
    git: https://github.com/input-output-hk/ouroboros-network
    pantry-tree:
      size: 1469
      sha256: acaca36b9b8148a68ddf09f2a72b75cd788fdd19004686ad9390877a1ebff127
    commit: 5d37a927046bc7da2887830d8e35cf604622ce09
  original:
    subdir: typed-protocols-examples
    git: https://github.com/input-output-hk/ouroboros-network
    commit: 5d37a927046bc7da2887830d8e35cf604622ce09
- completed:
    subdir: ouroboros-network
    name: ouroboros-network
    version: 0.1.0.0
    git: https://github.com/input-output-hk/ouroboros-network
    pantry-tree:
      size: 12819
      sha256: 04be90e100f4af5c40266e1d8872514b40fe48789938bd381a9dae18a090105a
    commit: 5d37a927046bc7da2887830d8e35cf604622ce09
  original:
    subdir: ouroboros-network
    git: https://github.com/input-output-hk/ouroboros-network
    commit: 5d37a927046bc7da2887830d8e35cf604622ce09
- completed:
    subdir: ouroboros-network-testing
    name: ouroboros-network-testing
    version: 0.1.0.0
    git: https://github.com/input-output-hk/ouroboros-network
    pantry-tree:
      size: 464
      sha256: 97b8fd2528409d0e865af47e35106d368fe8542bb1bb8f9167dbcbacbc0d7e20
    commit: 5d37a927046bc7da2887830d8e35cf604622ce09
  original:
    subdir: ouroboros-network-testing
    git: https://github.com/input-output-hk/ouroboros-network
    commit: 5d37a927046bc7da2887830d8e35cf604622ce09
- completed:
    subdir: ouroboros-network-framework
    name: ouroboros-network-framework
    version: 0.1.0.0
    git: https://github.com/input-output-hk/ouroboros-network
    pantry-tree:
      size: 3744
      sha256: d447693e16bd0d177a14e35b36e34f72661d2bc040530e27796cd0af805a6565
    commit: 5d37a927046bc7da2887830d8e35cf604622ce09
  original:
    subdir: ouroboros-network-framework
    git: https://github.com/input-output-hk/ouroboros-network
    commit: 5d37a927046bc7da2887830d8e35cf604622ce09
- completed:
    subdir: ouroboros-consensus
    name: ouroboros-consensus
    version: 0.1.0.0
    git: https://github.com/input-output-hk/ouroboros-network
    pantry-tree:
      size: 23103
      sha256: 7a9ede2b1f9a2a0b3421b4b5ce0ab37b93ff0bec01dbac5de3bf1e7a81a93481
    commit: 5d37a927046bc7da2887830d8e35cf604622ce09
  original:
    subdir: ouroboros-consensus
    git: https://github.com/input-output-hk/ouroboros-network
    commit: 5d37a927046bc7da2887830d8e35cf604622ce09
- completed:
    subdir: ouroboros-consensus-byron
    name: ouroboros-consensus-byron
    version: 0.1.0.0
    git: https://github.com/input-output-hk/ouroboros-network
    pantry-tree:
      size: 2004
      sha256: 9c39b66d1ff8e8e0502700a337cfd0942389d5b98d40d5863c01e73b9f7ccc04
    commit: 5d37a927046bc7da2887830d8e35cf604622ce09
  original:
    subdir: ouroboros-consensus-byron
    git: https://github.com/input-output-hk/ouroboros-network
    commit: 5d37a927046bc7da2887830d8e35cf604622ce09
- completed:
    subdir: ouroboros-consensus-cardano
    name: ouroboros-consensus-cardano
    version: 0.1.0.0
    git: https://github.com/input-output-hk/ouroboros-network
    pantry-tree:
      size: 1351
      sha256: ccbc55e6082a5d02d912d82d2c914cca3384640a9c085528f9e5943dcb4f25ab
    commit: 5d37a927046bc7da2887830d8e35cf604622ce09
  original:
    subdir: ouroboros-consensus-cardano
    git: https://github.com/input-output-hk/ouroboros-network
    commit: 5d37a927046bc7da2887830d8e35cf604622ce09
- completed:
    subdir: ouroboros-consensus-shelley
    name: ouroboros-consensus-shelley
    version: 0.1.0.0
    git: https://github.com/input-output-hk/ouroboros-network
    pantry-tree:
      size: 2050
      sha256: 2f2f929ec4121d8f3bd4591c0c56bb427c437590ab6c87153e76d1305b39c5ea
    commit: 5d37a927046bc7da2887830d8e35cf604622ce09
  original:
    subdir: ouroboros-consensus-shelley
    git: https://github.com/input-output-hk/ouroboros-network
    commit: 5d37a927046bc7da2887830d8e35cf604622ce09
- completed:
    subdir: io-sim
    name: io-sim
    version: 0.2.0.0
    git: https://github.com/input-output-hk/ouroboros-network
    pantry-tree:
      size: 565
      sha256: 9478189a5ba405f80dd2a29d5caa748bca0f80f376a1e1ae6217afa21eed5550
    commit: 5d37a927046bc7da2887830d8e35cf604622ce09
  original:
    subdir: io-sim
    git: https://github.com/input-output-hk/ouroboros-network
    commit: 5d37a927046bc7da2887830d8e35cf604622ce09
- completed:
    subdir: io-classes
    name: io-classes
    version: 0.2.0.0
    git: https://github.com/input-output-hk/ouroboros-network
    pantry-tree:
      size: 1151
      sha256: f8c69e6b7a33e2f7736cd3752698d8ac2a60132d14cf20014265756f4b092827
    commit: 5d37a927046bc7da2887830d8e35cf604622ce09
  original:
    subdir: io-classes
    git: https://github.com/input-output-hk/ouroboros-network
    commit: 5d37a927046bc7da2887830d8e35cf604622ce09
- completed:
    subdir: network-mux
    name: network-mux
    version: 0.1.0.0
    git: https://github.com/input-output-hk/ouroboros-network
    pantry-tree:
      size: 2086
      sha256: 7a252763c06a340140c916a0ce2fbd09e40d4d363f7c37131044caeeb6424dd9
    commit: 5d37a927046bc7da2887830d8e35cf604622ce09
  original:
    subdir: network-mux
    git: https://github.com/input-output-hk/ouroboros-network
    commit: 5d37a927046bc7da2887830d8e35cf604622ce09
- completed:
    subdir: ntp-client
    name: ntp-client
    version: 0.0.1
    git: https://github.com/input-output-hk/ouroboros-network
    pantry-tree:
      size: 618
      sha256: f5fa888abe4f017e41fc18227c74721f5670ccd3e3a452499e10e07a5dbd0f03
    commit: 5d37a927046bc7da2887830d8e35cf604622ce09
  original:
    subdir: ntp-client
    git: https://github.com/input-output-hk/ouroboros-network
    commit: 5d37a927046bc7da2887830d8e35cf604622ce09
- completed:
    subdir: cardano-prelude
    name: cardano-prelude
    version: 0.1.0.0
    git: https://github.com/input-output-hk/cardano-prelude
    pantry-tree:
      size: 1515
      sha256: 664e7d50828faf607bf963a207f1fab1fc1e6b53cb91be8f188151ae75221932
    commit: fd773f7a58412131512b9f694ab95653ac430852
  original:
    subdir: cardano-prelude
    git: https://github.com/input-output-hk/cardano-prelude
    commit: fd773f7a58412131512b9f694ab95653ac430852
- completed:
    subdir: cardano-prelude-test
    name: cardano-prelude-test
    version: 0.1.0.0
    git: https://github.com/input-output-hk/cardano-prelude
    pantry-tree:
      size: 1130
      sha256: 939614ced111120ad9c0262bc46b8c25e66cb2204b4d28c3db2e576cbc272d8a
    commit: fd773f7a58412131512b9f694ab95653ac430852
  original:
    subdir: cardano-prelude-test
    git: https://github.com/input-output-hk/cardano-prelude
    commit: fd773f7a58412131512b9f694ab95653ac430852
- completed:
    name: Win32-network
    version: 0.1.0.0
    git: https://github.com/input-output-hk/Win32-network
    pantry-tree:
      size: 2217
      sha256: 8a1daf05a0dc4e043939dbf4805757edaa7ad670bbfc97195f4bdbcd0bca9753
    commit: 3825d3abf75f83f406c1f7161883c438dac7277d
  original:
    git: https://github.com/input-output-hk/Win32-network
    commit: 3825d3abf75f83f406c1f7161883c438dac7277d
- completed:
    subdir: core
    name: cardano-addresses
    version: 3.6.0
    git: https://github.com/input-output-hk/cardano-addresses
    pantry-tree:
      size: 3493
      sha256: c5e22f85e593b05a8edd9b98c7f35170fa1a89ef6faad9ef2f40166498b05996
    commit: d2f86caa085402a953920c6714a0de6a50b655ec
  original:
    subdir: core
    git: https://github.com/input-output-hk/cardano-addresses
    commit: d2f86caa085402a953920c6714a0de6a50b655ec
- completed:
    name: optparse-applicative-fork
    version: 0.16.1.0
    git: https://github.com/input-output-hk/optparse-applicative
    pantry-tree:
      size: 3466
      sha256: de1032a860ea0f1baa5552f4afd1b793d10295e162c2930b20e42a55fa2d4635
    commit: 7497a29cb998721a9068d5725d49461f2bba0e7a
  original:
    git: https://github.com/input-output-hk/optparse-applicative
    commit: 7497a29cb998721a9068d5725d49461f2bba0e7a
- completed:
    name: flat
    version: 0.4.5
    git: https://github.com/Quid2/flat.git
    pantry-tree:
      size: 7253
      sha256: 87a168685f1ec857e6cc3b003c536da71638d6dea39d550691d611768b1fc101
    commit: ee59880f47ab835dbd73bea0847dab7869fc20d8
  original:
    git: https://github.com/Quid2/flat.git
    commit: ee59880f47ab835dbd73bea0847dab7869fc20d8
- completed:
    hackage: async-timer-0.2.0.0@sha256:e1504aa0fb5932cb07498ec548180aba9e03a3e7f5d2c810bf3dce75fbdd34d6,2048
    pantry-tree:
      size: 420
      sha256: f6e0f4929cf25a1b6e732cbc9c7a8902e922d8c989c3cf9e0623052847857c94
  original:
    hackage: async-timer-0.2.0.0
- completed:
    hackage: beam-core-0.9.1.0@sha256:70659e3046bfecda49b1b921bf088899bad859ea649552c78d464e634740b107,5282
    pantry-tree:
      size: 2704
      sha256: 7137d411ff870f233e682f9889e77e509bb3d3090e7e68e33878fbb34b0b1f8b
  original:
    hackage: beam-core-0.9.1.0
- completed:
    hackage: libsystemd-journal-1.4.5@sha256:dc68296f5d874b48ba187dbd0af4de8182ba57cb6ebaa46c05ac61c1b3c6c396,1238
    pantry-tree:
      size: 280
      sha256: 86227afe0cfaf6833c6879dd71e1bf9e78aa687ecc9a1eb29cae236d213cf833
  original:
    hackage: libsystemd-journal-1.4.5
- completed:
    hackage: hspec-core-2.8.3@sha256:e4c1e08e16842804c470c2b4722e417ed2a556a47a74107401ad42195522f7a7,4992
    pantry-tree:
      size: 4386
      sha256: a1e51583be8ee39c54314f003f251e5221c98594f26fb5e716ddc400ae85b8a3
  original:
    hackage: hspec-core-2.8.3
- completed:
    hackage: beam-sqlite-0.5.1.0@sha256:ec2a5cf9cc427a57c1c6872194450cd2e5d287e7a50b1ab554badb5138e78e7d,3634
    pantry-tree:
      size: 906
      sha256: 4d82b30702ed0e50a0826dc4375cb737bcc25930cf8feb7417044c0613312ac6
  original:
    hackage: beam-sqlite-0.5.1.0
- completed:
    hackage: beam-migrate-0.5.1.0@sha256:55d5fae17584c14b654d19d9de01f0a65e6c229561ce4fd12de92eba98b39105,4923
    pantry-tree:
      size: 1721
      sha256: 0c8da13ee23820cbb14e3dd2794a0e086a08c830e7b28f3336d031c93eb14842
  original:
    hackage: beam-migrate-0.5.1.0
- completed:
    hackage: gray-code-0.3.1@sha256:2c8a4ed9c9ee37320305610604d6d93504e0813d7c9768949af418b53043185a,2388
    pantry-tree:
      size: 506
      sha256: 7b133d19b93231ea84b286cfe1a2038d67f9b553826845b33fad6526464e1de7
  original:
    hackage: gray-code-0.3.1
- completed:
    hackage: composition-prelude-3.0.0.2@sha256:1ffed216bd28d810fce0b5be83a661e2a892696d73b3f8de5c0f5edb9b5f0090,1216
    pantry-tree:
      size: 284
      sha256: 94fc1c55e9065ae575315ac52a552d0e03beaefef4669a58a9745c6d71b4dd6b
  original:
    hackage: composition-prelude-3.0.0.2
- completed:
    hackage: row-types-1.0.1.2@sha256:5c56e91d30b61f275eaee0d97b015d5332d95d7599e57582d6e62a43aa388087,2948
    pantry-tree:
      size: 1060
      sha256: 5fb893f6e14aff59d6f2be39b4b288c66d53551f746c44edd0d069487ce167bd
  original:
    hackage: row-types-1.0.1.2
- completed:
    hackage: servant-websockets-2.0.0@sha256:6e9e3600bced90fd52ed3d1bf632205cb21479075b20d6637153cc4567000234,2253
    pantry-tree:
      size: 523
      sha256: 085c6620bff7671bef1d969652a349271c3703fbf10dd753cb63ee1cd700bca5
  original:
    hackage: servant-websockets-2.0.0
- completed:
    hackage: time-out-0.2@sha256:b9a6b4dee64f030ecb2a25dca0faff39b3cb3b5fefbb8af3cdec4142bfd291f2,3010
    pantry-tree:
      size: 923
      sha256: dcedaba4d5a1dcfbef65ede20f25b1465ca5d211178fbff5ed6cd8cf75bed1cf
  original:
    hackage: time-out-0.2
- completed:
    hackage: nothunks-0.1.3@sha256:33bb3af223163535fa59d1fa83ba95a355106ba3fcffe5452d4abbf13ab4608d,2521
    pantry-tree:
      size: 342
      sha256: d820c85513f1096f80721aca248201eea865f44b812706c843f55d7b2a7ab289
  original:
    hackage: nothunks-0.1.3
- completed:
    hackage: dom-lt-0.2.2.1@sha256:6b005b64f10a0f73f716898e0f4b4d93a02c31dc8abb155c14afd870e3abf9ac,1778
    pantry-tree:
      size: 441
      sha256: b495c6fd847c5e10506d952a6051feb9f3ff03666aa917b04dc6bb559b83a58c
  original:
    hackage: dom-lt-0.2.2.1
- completed:
    hackage: lazy-search-0.1.2.1@sha256:c942a01e4a64881f89c72eaef5e3a78eba8750759cd66996c6746a2a7cabe703,1199
    pantry-tree:
      size: 279
      sha256: 824505340a62d82742882c1fa57a0532e0ae3c69cbb7947fe758ce47b93af2dd
  original:
    hackage: lazy-search-0.1.2.1
- completed:
    hackage: monoidal-containers-0.6.0.1@sha256:f56ea8fe91ff93da140e38b8dab4b94437b901818c13ba72fc7fc802290323ee,2583
    pantry-tree:
      size: 569
      sha256: 3a43dbbb1839521aae37a2baa3fb3ad0cc61a0a8fc4e3aec1f7dda15b92a0279
  original:
    hackage: monoidal-containers-0.6.0.1
- completed:
    hackage: OddWord-1.0.2.0@sha256:5d848ff5db2c0457ce37ccc8898ce2b6b880a1c6a78e5b16841328a7404ff5ee,1888
    pantry-tree:
      size: 476
      sha256: a4d203a05501dd71ee7f5af5f670f74361fdc28d88ffc4e0c39828c36d661e82
  original:
    hackage: OddWord-1.0.2.0
- completed:
    hackage: Unique-0.4.7.9@sha256:a7e154cf6d05169777a1e54aadab24fb3a6eae3ee167e5e77d7ba96d182436c7,2064
    pantry-tree:
      size: 1366
      sha256: eb62502b1de8adee91f0feb104a36f87a21a9367f95295d4f12c73183a9b1e54
  original:
    hackage: Unique-0.4.7.9
- completed:
    hackage: canonical-json-0.6.0.0@sha256:9021f435ccb884a3b4c55bcc6b50eb19d5fc3cc3f29d5fcbdef016f5bbae23a2,3488
    pantry-tree:
      size: 646
      sha256: 18e3afbd09480a247cd39355929d638e0888ccd2c3873cb79c5a5bc2231fae4f
  original:
    hackage: canonical-json-0.6.0.0
- completed:
    hackage: recursion-schemes-5.1.3@sha256:cbcf3c36e1733a83fb8cda305bde2de18a2fbab53692e3301263964def430107,3523
    pantry-tree:
      size: 719
      sha256: 617f5740281ab044b0205b5a2810bfa8efc6b858705fe8caff5438a382bcfd96
  original:
    hackage: recursion-schemes-5.1.3
- completed:
    hackage: partial-order-0.2.0.0@sha256:a0d6ddc9ebcfa965a5cbcff1d06d46a79d44ea5a0335c583c2a51bcb41334487,2275
    pantry-tree:
      size: 273
      sha256: 674243e0470949fa81a6025ae0ddb1c52c48cffbf163249868563ec826eaadc5
  original:
    hackage: partial-order-0.2.0.0
- completed:
    hackage: servant-options-0.1.0.0@sha256:39f50166a68006250e79370372f553ca476f14d06d93fa0c401050253aeba803,914
    pantry-tree:
      size: 293
      sha256: 7812baf1b27c62068ba634207fbd7077b886424d666b36739a78c6d4008a1fd4
  original:
    hackage: servant-options-0.1.0.0
- completed:
    hackage: servant-subscriber-0.7.0.0@sha256:e54a3ca6d52227025081bbc470a3af35efecbe0f82050d06aa5c9bbdf05795a6,2635
    pantry-tree:
      size: 859
      sha256: 8f0a4cf5c7c340c347c6b9117c809c9dbf7c15a4c94d80d1f07bd2e3f47308c9
  original:
    hackage: servant-subscriber-0.7.0.0
- completed:
    hackage: size-based-0.1.2.0@sha256:1b33da89d270189661dbbda49a88b0c21d2fc2f7a407e7a2b1933e2faf0f5d4d,1258
    pantry-tree:
      size: 480
      sha256: 2c8a16986903aecfc14ada381ff9f369e218feaf5dc90e934e93ecbf83905b1a
  original:
    hackage: size-based-0.1.2.0
- completed:
    hackage: statistics-linreg-0.3@sha256:95c6efe6c7f6b26bc6e9ada90ab2d18216371cf59a6ef2b517b4a6fd35d9a76f,2544
    pantry-tree:
      size: 233
      sha256: 8d1978a6497e4fd9c66b0c5f24ea659aa9714f5b7e8b1dcfce7fb7bb8d4dee0e
  original:
    hackage: statistics-linreg-0.3
- completed:
    hackage: streaming-binary-0.2.2.0@sha256:09b9a9b0291199c5808e88dcf9c93e7b336e740c71efeafd7c835b59794a8c90,1034
    pantry-tree:
      size: 443
      sha256: ffd0144733bfcc342107f912505618eb5b6f4f856d294bc100a6d3c611cdfd45
  original:
    hackage: streaming-binary-0.2.2.0
- completed:
    hackage: time-interval-0.1.1@sha256:7bfd3601853d1af7caa18248ec10b01701d035ac274a93bb4670fea52a14d4e8,2567
    pantry-tree:
      size: 456
      sha256: 7e259a34960b881f67a47e677eb77906922661c1036c8a5c62bcfc394cc655b7
  original:
    hackage: time-interval-0.1.1
- completed:
    hackage: transformers-except-0.1.2@sha256:2ff895fd65ec9e45cbe839ef5b66e26b7d9f3fe561148993293a41e14491e625,1548
    pantry-tree:
      size: 276
      sha256: 255031ad4b86a6f3cecd01752ba63186d54c07dd4f667ed77033326970f0120c
  original:
    hackage: transformers-except-0.1.2
snapshots:
- completed:
    size: 586268
    url: https://raw.githubusercontent.com/commercialhaskell/stackage-snapshots/master/lts/18/13.yaml
    sha256: d9e658a22cfe8d87a64fdf219885f942fef5fe2bcb156a9800174911c5da2443
  original: lts-18.13
